
Microsoft Visual Studio Solution File, Format Version 12.00
# Visual Studio Version 17
VisualStudioVersion = 17.11.35327.3
MinimumVisualStudioVersion = 10.0.40219.1
Project("{2150E333-8FDC-42A3-9474-1A3956D46DE8}") = "src", "src", "{53403864-BC6C-4265-A1C5-1A3831C7A5A5}"
EndProject
Project("{2150E333-8FDC-42A3-9474-1A3956D46DE8}") = "test", "test", "{3EFAA6E9-18FD-4E3D-B25D-85BB01DB244A}"
EndProject
Project("{2150E333-8FDC-42A3-9474-1A3956D46DE8}") = "Solution Items", "Solution Items", "{15BB30AD-46CD-4AAB-9D4D-FBFDAA6A7BC4}"
	ProjectSection(SolutionItems) = preProject
		.editorconfig = .editorconfig
	EndProjectSection
EndProject
Project("{9A19103F-16F7-4668-BE54-9A1E7A4F7556}") = "UnitTest", "test\UnitTest\UnitTest.csproj", "{F55FA589-EB06-4EB9-9D80-AEE18E603D83}"
EndProject
Project("{9A19103F-16F7-4668-BE54-9A1E7A4F7556}") = "WebApi.Test", "test\WebApi.Test\WebApi.Test.csproj", "{4AC012EA-A2D4-47EB-9039-C1D02AE4DA41}"
EndProject
Project("{9A19103F-16F7-4668-BE54-9A1E7A4F7556}") = "Common.Core", "src\Common.Core\Common.Core.csproj", "{8C818882-AEEE-4D2E-B52E-0F1E1BB1DDFB}"
EndProject
Project("{9A19103F-16F7-4668-BE54-9A1E7A4F7556}") = "WBC66.Core", "src\WBC66.Core\WBC66.Core.csproj", "{82019346-9056-42D6-B2D1-65C3C931FC5D}"
EndProject
Project("{9A19103F-16F7-4668-BE54-9A1E7A4F7556}") = "WBC66.EF.Core", "src\WBC66.EF.Core\WBC66.EF.Core.csproj", "{728B5DF1-94AC-4D24-A63B-3140BAA73374}"
EndProject
Project("{9A19103F-16F7-4668-BE54-9A1E7A4F7556}") = "WBC66.NLog.Core", "src\WBC66.Nlog.Core\WBC66.NLog.Core.csproj", "{EBADC546-7A05-4385-B92B-4E8BCE05A129}"
EndProject
Project("{9A19103F-16F7-4668-BE54-9A1E7A4F7556}") = "WBC66.Serilog.Core", "src\WBC66.Serilog.Core\WBC66.Serilog.Core.csproj", "{0572AC90-F01D-4415-8127-AFA6BDB10DC6}"
EndProject
Project("{9A19103F-16F7-4668-BE54-9A1E7A4F7556}") = "WBC66.Cache.Core", "src\WBC66.Cache.Core\WBC66.Cache.Core.csproj", "{01C480CF-188E-455B-8261-28B2BB3986F9}"
EndProject
Project("{9A19103F-16F7-4668-BE54-9A1E7A4F7556}") = "WBC66.WeiXin.Core", "src\WBC66.WeiXin.Core\WBC66.WeiXin.Core.csproj", "{9E681719-C149-4539-9858-D71B6D0EF110}"
EndProject
Project("{FAE04EC0-301F-11D3-BF4B-00C04F79EFBC}") = "WBC66.Autofac.Core", "src\WBC66.Autofac.Core\WBC66.Autofac.Core.csproj", "{98F0CEF3-3392-41CC-B6D6-8CE31858C98C}"
EndProject
Project("{FAE04EC0-301F-11D3-BF4B-00C04F79EFBC}") = "Easy.SqlSugar.Core", "src\Easy.SqlSugar.Core\Easy.SqlSugar.Core.csproj", "{76C24C47-9312-4C33-83DD-5314F388C834}"
EndProject
Global
	GlobalSection(SolutionConfigurationPlatforms) = preSolution
		Debug|Any CPU = Debug|Any CPU
		Release|Any CPU = Release|Any CPU
	EndGlobalSection
	GlobalSection(ProjectConfigurationPlatforms) = postSolution
		{F55FA589-EB06-4EB9-9D80-AEE18E603D83}.Debug|Any CPU.ActiveCfg = Debug|Any CPU
		{F55FA589-EB06-4EB9-9D80-AEE18E603D83}.Debug|Any CPU.Build.0 = Debug|Any CPU
		{F55FA589-EB06-4EB9-9D80-AEE18E603D83}.Release|Any CPU.ActiveCfg = Release|Any CPU
		{F55FA589-EB06-4EB9-9D80-AEE18E603D83}.Release|Any CPU.Build.0 = Release|Any CPU
		{4AC012EA-A2D4-47EB-9039-C1D02AE4DA41}.Debug|Any CPU.ActiveCfg = Debug|Any CPU
		{4AC012EA-A2D4-47EB-9039-C1D02AE4DA41}.Debug|Any CPU.Build.0 = Debug|Any CPU
		{4AC012EA-A2D4-47EB-9039-C1D02AE4DA41}.Release|Any CPU.ActiveCfg = Release|Any CPU
		{4AC012EA-A2D4-47EB-9039-C1D02AE4DA41}.Release|Any CPU.Build.0 = Release|Any CPU
		{8C818882-AEEE-4D2E-B52E-0F1E1BB1DDFB}.Debug|Any CPU.ActiveCfg = Debug|Any CPU
		{8C818882-AEEE-4D2E-B52E-0F1E1BB1DDFB}.Debug|Any CPU.Build.0 = Debug|Any CPU
		{8C818882-AEEE-4D2E-B52E-0F1E1BB1DDFB}.Release|Any CPU.ActiveCfg = Release|Any CPU
		{8C818882-AEEE-4D2E-B52E-0F1E1BB1DDFB}.Release|Any CPU.Build.0 = Release|Any CPU
		{82019346-9056-42D6-B2D1-65C3C931FC5D}.Debug|Any CPU.ActiveCfg = Debug|Any CPU
		{82019346-9056-42D6-B2D1-65C3C931FC5D}.Debug|Any CPU.Build.0 = Debug|Any CPU
		{82019346-9056-42D6-B2D1-65C3C931FC5D}.Release|Any CPU.ActiveCfg = Release|Any CPU
		{82019346-9056-42D6-B2D1-65C3C931FC5D}.Release|Any CPU.Build.0 = Release|Any CPU
		{728B5DF1-94AC-4D24-A63B-3140BAA73374}.Debug|Any CPU.ActiveCfg = Debug|Any CPU
		{728B5DF1-94AC-4D24-A63B-3140BAA73374}.Debug|Any CPU.Build.0 = Debug|Any CPU
		{728B5DF1-94AC-4D24-A63B-3140BAA73374}.Release|Any CPU.ActiveCfg = Release|Any CPU
		{728B5DF1-94AC-4D24-A63B-3140BAA73374}.Release|Any CPU.Build.0 = Release|Any CPU
		{EBADC546-7A05-4385-B92B-4E8BCE05A129}.Debug|Any CPU.ActiveCfg = Debug|Any CPU
		{EBADC546-7A05-4385-B92B-4E8BCE05A129}.Debug|Any CPU.Build.0 = Debug|Any CPU
		{EBADC546-7A05-4385-B92B-4E8BCE05A129}.Release|Any CPU.ActiveCfg = Release|Any CPU
		{EBADC546-7A05-4385-B92B-4E8BCE05A129}.Release|Any CPU.Build.0 = Release|Any CPU
		{0572AC90-F01D-4415-8127-AFA6BDB10DC6}.Debug|Any CPU.ActiveCfg = Debug|Any CPU
		{0572AC90-F01D-4415-8127-AFA6BDB10DC6}.Debug|Any CPU.Build.0 = Debug|Any CPU
		{0572AC90-F01D-4415-8127-AFA6BDB10DC6}.Release|Any CPU.ActiveCfg = Release|Any CPU
		{0572AC90-F01D-4415-8127-AFA6BDB10DC6}.Release|Any CPU.Build.0 = Release|Any CPU
		{01C480CF-188E-455B-8261-28B2BB3986F9}.Debug|Any CPU.ActiveCfg = Debug|Any CPU
		{01C480CF-188E-455B-8261-28B2BB3986F9}.Debug|Any CPU.Build.0 = Debug|Any CPU
		{01C480CF-188E-455B-8261-28B2BB3986F9}.Release|Any CPU.ActiveCfg = Release|Any CPU
		{01C480CF-188E-455B-8261-28B2BB3986F9}.Release|Any CPU.Build.0 = Release|Any CPU
		{9E681719-C149-4539-9858-D71B6D0EF110}.Debug|Any CPU.ActiveCfg = Debug|Any CPU
		{9E681719-C149-4539-9858-D71B6D0EF110}.Debug|Any CPU.Build.0 = Debug|Any CPU
		{9E681719-C149-4539-9858-D71B6D0EF110}.Release|Any CPU.ActiveCfg = Release|Any CPU
		{9E681719-C149-4539-9858-D71B6D0EF110}.Release|Any CPU.Build.0 = Release|Any CPU
		{98F0CEF3-3392-41CC-B6D6-8CE31858C98C}.Debug|Any CPU.ActiveCfg = Debug|Any CPU
		{98F0CEF3-3392-41CC-B6D6-8CE31858C98C}.Debug|Any CPU.Build.0 = Debug|Any CPU
		{98F0CEF3-3392-41CC-B6D6-8CE31858C98C}.Release|Any CPU.ActiveCfg = Release|Any CPU
		{98F0CEF3-3392-41CC-B6D6-8CE31858C98C}.Release|Any CPU.Build.0 = Release|Any CPU
		{76C24C47-9312-4C33-83DD-5314F388C834}.Debug|Any CPU.ActiveCfg = Debug|Any CPU
		{76C24C47-9312-4C33-83DD-5314F388C834}.Debug|Any CPU.Build.0 = Debug|Any CPU
		{76C24C47-9312-4C33-83DD-5314F388C834}.Release|Any CPU.ActiveCfg = Release|Any CPU
		{76C24C47-9312-4C33-83DD-5314F388C834}.Release|Any CPU.Build.0 = Release|Any CPU
	EndGlobalSection
	GlobalSection(SolutionProperties) = preSolution
		HideSolutionNode = FALSE
	EndGlobalSection
	GlobalSection(NestedProjects) = preSolution
		{F55FA589-EB06-4EB9-9D80-AEE18E603D83} = {3EFAA6E9-18FD-4E3D-B25D-85BB01DB244A}
		{4AC012EA-A2D4-47EB-9039-C1D02AE4DA41} = {3EFAA6E9-18FD-4E3D-B25D-85BB01DB244A}
		{8C818882-AEEE-4D2E-B52E-0F1E1BB1DDFB} = {53403864-BC6C-4265-A1C5-1A3831C7A5A5}
		{82019346-9056-42D6-B2D1-65C3C931FC5D} = {53403864-BC6C-4265-A1C5-1A3831C7A5A5}
		{728B5DF1-94AC-4D24-A63B-3140BAA73374} = {53403864-BC6C-4265-A1C5-1A3831C7A5A5}
		{EBADC546-7A05-4385-B92B-4E8BCE05A129} = {53403864-BC6C-4265-A1C5-1A3831C7A5A5}
		{0572AC90-F01D-4415-8127-AFA6BDB10DC6} = {53403864-BC6C-4265-A1C5-1A3831C7A5A5}
		{01C480CF-188E-455B-8261-28B2BB3986F9} = {53403864-BC6C-4265-A1C5-1A3831C7A5A5}
		{9E681719-C149-4539-9858-D71B6D0EF110} = {53403864-BC6C-4265-A1C5-1A3831C7A5A5}
		{98F0CEF3-3392-41CC-B6D6-8CE31858C98C} = {53403864-BC6C-4265-A1C5-1A3831C7A5A5}
		{76C24C47-9312-4C33-83DD-5314F388C834} = {53403864-BC6C-4265-A1C5-1A3831C7A5A5}
	EndGlobalSection
	GlobalSection(ExtensibilityGlobals) = postSolution
		SolutionGuid = {4DF0C773-7D7A-4EFB-A5EB-6A227524A6FB}
	EndGlobalSection
EndGlobal
